{
  "nodes": {
    "darwin": {
      "inputs": {
        "nixpkgs": [
          "nixpkgs"
        ]
      },
      "locked": {
        "lastModified": 1773000227,
        "narHash": "sha256-zm3ftUQw0MPumYi91HovoGhgyZBlM4o3Zy0LhPNwzXE=",
        "owner": "lnl7",
        "repo": "nix-darwin",
        "rev": "da529ac9e46f25ed5616fd634079a5f3c579135f",
        "type": "github"
      },
      "original": {
        "owner": "lnl7",
        "repo": "nix-darwin",
        "type": "github"
      }
    },
    "home-manager": {
      "inputs": {
        "nixpkgs": [
          "nixpkgs"
        ]
      },
      "locked": {
        "lastModified": 1774371786,
        "narHash": "sha256-ag1HUJv0SDBqKAYxwWlvAE2gBsEk3XYFvWtmdAHFz7E=",
        "owner": "nix-community",
        "repo": "home-manager",
        "rev": "b8cb89f2c4f7006b17b4aa5d8b39b95b93b559d8",
        "type": "github"
      },
      "original": {
        "owner": "nix-community",
        "repo": "home-manager",
        "type": "github"
      }
    },
    "navi-cheatsheets": {
      "inputs": {
        "nixpkgs": "nixpkgs"
      },
      "locked": {
        "path": "./module/navi",
        "type": "path"
      },
      "original": {
        "path": "./module/navi",
        "type": "path"
      },
      "parent": []
    },
    "nixpkgs": {
      "locked": {
        "lastModified": 1774106199,
        "narHash": "sha256-US5Tda2sKmjrg2lNHQL3jRQ6p96cgfWh3J1QBliQ8Ws=",
        "owner": "nixos",
        "repo": "nixpkgs",
        "rev": "6c9a78c09ff4d6c21d0319114873508a6ec01655",
        "type": "github"
      },
      "original": {
        "owner": "nixos",
        "ref": "nixos-unstable",
        "repo": "nixpkgs",
        "type": "github"
      }
    },
    "nixpkgs_2": {
      "locked": {
        "lastModified": 1774106199,
        "narHash": "sha256-US5Tda2sKmjrg2lNHQL3jRQ6p96cgfWh3J1QBliQ8Ws=",
        "owner": "nixos",
        "repo": "nixpkgs",
        "rev": "6c9a78c09ff4d6c21d0319114873508a6ec01655",
        "type": "github"
      },
      "original": {
        "owner": "nixos",
        "ref": "nixos-unstable",
        "repo": "nixpkgs",
        "type": "github"
      }
    },
    "private-assets": {
      "flake": false,
      "locked": {
        "lastModified": 1752621565,
        "narHash": "sha256-FVjeI59/8VspucZoLFMJ5SB1qmEvO2zvoyWgO7RddKo=",
        "ref": "refs/heads/main",
        "rev": "e6c7e33c2608e6bda2891ca45a319694657292a3",
        "revCount": 1,
        "type": "git",
        "url": "ssh://git@github.com/entorenee/dotfiles-private-assets.git"
      },
      "original": {
        "type": "git",
        "url": "ssh://git@github.com/entorenee/dotfiles-private-assets.git"
      }
    },
    "root": {
      "inputs": {
        "darwin": "darwin",
        "home-manager": "home-manager",
        "navi-cheatsheets": "navi-cheatsheets",
        "nixpkgs": "nixpkgs_2",
        "private-assets": "private-assets"
      }
    }
  },
  "root": "root",
  "version": 7
}
